PODS:
  - Auth0 (2.5.0):
    - JWTDecode (~> 3.1)
    - SimpleKeychain (~> 1.1)
  - auth0_flutter (1.5.0):
    - Auth0 (= 2.5.0)
    - Flutter
    - FlutterMacOS
    - JWTDecode (= 3.1.0)
    - SimpleKeychain (= 1.1.0)
  - Flutter (1.0.0)
  - JWTDecode (3.1.0)
  - local_auth_ios (0.0.1):
    - Flutter
  - SimpleKeychain (1.1.0)

DEPENDENCIES:
  - auth0_flutter (from `.symlinks/plugins/auth0_flutter/darwin`)
  - Flutter (from `Flutter`)
  - local_auth_ios (from `.symlinks/plugins/local_auth_ios/ios`)

SPEC REPOS:
  trunk:
    - Auth0
    - JWTDecode
    - SimpleKeychain

EXTERNAL SOURCES:
  auth0_flutter:
    :path: ".symlinks/plugins/auth0_flutter/darwin"
  Flutter:
    :path: Flutter
  local_auth_ios:
    :path: ".symlinks/plugins/local_auth_ios/ios"

SPEC CHECKSUMS:
  Auth0: 72f19ad566fdf57f07bf37f828afd0c1570769a5
  auth0_flutter: ae5ebf94520af57ebce16af395820b9e07abbc9f
  Flutter: e0871f40cf51350855a761d2e70bf5af5b9b5de7
  JWTDecode: 3eaab1e06b6f4dcbdd6716aff09ba4c2104ca8b7
  local_auth_ios: c6cf091ded637a88f24f86a8875d8b0f526e2605
  SimpleKeychain: f8707c8e97b38c6a6e687b17732afc9bcef06439

PODFILE CHECKSUM: a57f30d18f102dd3ce366b1d62a55ecbef2158e5

COCOAPODS: 1.13.0
